lockfileVersion: '9.0'

settings:
  autoInstallPeers: true
  excludeLinksFromLockfile: false

importers:

  .:
    dependencies:
      aws-cdk-lib:
        specifier: ^2.252.0
        version: 2.252.0(constructs@10.6.0)
      constructs:
        specifier: ^10.6.0
        version: 10.6.0
    devDependencies:
      '@types/node':
        specifier: ^24.0.0
        version: 24.12.2
      aws-cdk:
        specifier: ^2.252.0
        version: 2.1120.0
      typescript:
        specifier: ^5.8.0
        version: 5.8.3

packages:

  '@aws-cdk/asset-awscli-v1@2.2.273':
    resolution: {integrity: sha512-X57HYUtHt9BQrlrzUNcMyRsDUCoakYNnY6qh5lNwRCHPtQoTfXmuISkfLk0AjLkcbS5lw1LLTQFiQhTDXfiTvg==}

  '@aws-cdk/asset-node-proxy-agent-v6@2.1.1':
    resolution: {integrity: sha512-We4bmHaowOPHr+IQR4/FyTGjRfjgBj4ICMjtqmJeBDWad3Q/6St12NT07leNtyuukv2qMhtSZJQorD8KpKTwRA==}

  '@aws-cdk/cloud-assembly-schema@53.20.0':
    resolution: {integrity: sha512-4kLAUO+I8b4nlk1Z2P4n3Ye8UtqCiXk0kJMLUThBnyHLbdz06rwAb+qlb9WZOie7NtPluemVS243ifcBh/NVsQ==}
    engines: {node: '>= 18.0.0'}
    bundledDependencies:
      - jsonschema
      - semver

  '@types/node@24.12.2':
    resolution: {integrity: sha512-A1sre26ke7HDIuY/M23nd9gfB+nrmhtYyMINbjI1zHJxYteKR6qSMX56FsmjMcDb3SMcjJg5BiRRgOCC/yBD0g==}

  aws-cdk-lib@2.252.0:
    resolution: {integrity: sha512-bRLyTtJxhVgsx2JrL2B/KYYWf+Rg0s68UgQp+VRZK0h5fXeaPqDVEJGPMr7FiOgrmYwEadjfbxsTsZKNAloAvg==}
    engines: {node: '>= 20.0.0'}
    peerDependencies:
      constructs: ^10.5.0
    bundledDependencies:
      - '@balena/dockerignore'
      - '@aws-cdk/cloud-assembly-api'
      - case
      - fs-extra
      - ignore
      - jsonschema
      - minimatch
      - punycode
      - semver
      - table
      - yaml
      - mime-types

  aws-cdk@2.1120.0:
    resolution: {integrity: sha512-vDVa0IX0FhizARdY/GLSParFglKbdHCIhM8IDmynrAv9w8uLLljzWMeLUOhC1XpMErDZ/npYEihAOjfKxTaMIw==}
    engines: {node: '>= 18.0.0'}
    hasBin: true

  constructs@10.6.0:
    resolution: {integrity: sha512-TxHOnBO5zMo/G76ykzGF/wMpEHu257TbWiIxP9K0Yv/+t70UzgBQiTqjkAsWOPC6jW91DzJI0+ehQV6xDRNBuQ==}

  typescript@5.8.3:
    resolution: {integrity: sha512-p1diW6TqL9L07nNxvRMM7hMMw4c5XOo/1ibL4aAIGmSAt9slTE1Xgw5KWuof2uTOvCg9BY7ZRi+GaF+7sfgPeQ==}
    engines: {node: '>=14.17'}
    hasBin: true

  undici-types@7.16.0:
    resolution: {integrity: sha512-Zz+aZWSj8LE6zoxD+xrjh4VfkIG8Ya6LvYkZqtUQGJPZjYl53ypCaUwWqo7eI0x66KBGeRo+mlBEkMSeSZ38Nw==}

snapshots:

  '@aws-cdk/asset-awscli-v1@2.2.273': {}

  '@aws-cdk/asset-node-proxy-agent-v6@2.1.1': {}

  '@aws-cdk/cloud-assembly-schema@53.20.0': {}

  '@types/node@24.12.2':
    dependencies:
      undici-types: 7.16.0

  aws-cdk-lib@2.252.0(constructs@10.6.0):
    dependencies:
      '@aws-cdk/asset-awscli-v1': 2.2.273
      '@aws-cdk/asset-node-proxy-agent-v6': 2.1.1
      '@aws-cdk/cloud-assembly-schema': 53.20.0
      constructs: 10.6.0

  aws-cdk@2.1120.0: {}

  constructs@10.6.0: {}

  typescript@5.8.3: {}

  undici-types@7.16.0: {}
